
Microsoft Visual Studio Solution File, Format Version 12.00
# Visual Studio 2012
Project("{FAE04EC0-301F-11D3-BF4B-00C04F79EFBC}") = "MyfordController", "MyfordController\MyfordController.csproj", "{66ACF46D-E418-4846-BECC-01EA43BF5361}"
EndProject
Global
	GlobalSection(SolutionConfigurationPlatforms) = preSolution
		Debug|Any CPU = Debug|Any CPU
		Release|Any CPU = Release|Any CPU
	EndGlobalSection
	GlobalSection(ProjectConfigurationPlatforms) = postSolution
		{66ACF46D-E418-4846-BECC-01EA43BF5361}.Debug|Any CPU.ActiveCfg = Debug|Any CPU
		{66ACF46D-E418-4846-BECC-01EA43BF5361}.Debug|Any CPU.Build.0 = Debug|Any CPU
		{66ACF46D-E418-4846-BECC-01EA43BF5361}.Debug|Any CPU.Deploy.0 = Debug|Any CPU
		{66ACF46D-E418-4846-BECC-01EA43BF5361}.Release|Any CPU.ActiveCfg = Release|Any CPU
		{66ACF46D-E418-4846-BECC-01EA43BF5361}.Release|Any CPU.Build.0 = Release|Any CPU
	EndGlobalSection
	GlobalSection(SolutionProperties) = preSolution
		HideSolutionNode = FALSE
	EndGlobalSection
EndGlobal
